
Microsoft Visual Studio Solution File, Format Version 12.00
# Visual Studio Version 17
VisualStudioVersion = 17.11.35327.3
MinimumVisualStudioVersion = 10.0.40219.1
Project("{FAE04EC0-301F-11D3-BF4B-00C04F79EFBC}") = "Bookstore_App", "Bookstore_App.csproj", "{DD7E05C8-BAF3-4413-B628-657D9F36553B}"
EndProject
Global
	GlobalSection(SolutionConfigurationPlatforms) = preSolution
		Debug|Any CPU = Debug|Any CPU
		Release|Any CPU = Release|Any CPU
	EndGlobalSection
	GlobalSection(ProjectConfigurationPlatforms) = postSolution
		{DD7E05C8-BAF3-4413-B628-657D9F36553B}.Debug|Any CPU.ActiveCfg = Debug|Any CPU
		{DD7E05C8-BAF3-4413-B628-657D9F36553B}.Debug|Any CPU.Build.0 = Debug|Any CPU
		{DD7E05C8-BAF3-4413-B628-657D9F36553B}.Release|Any CPU.ActiveCfg = Release|Any CPU
		{DD7E05C8-BAF3-4413-B628-657D9F36553B}.Release|Any CPU.Build.0 = Release|Any CPU
	EndGlobalSection
	GlobalSection(SolutionProperties) = preSolution
		HideSolutionNode = FALSE
	EndGlobalSection
	GlobalSection(ExtensibilityGlobals) = postSolution
		SolutionGuid = {B653158C-72BE-4CC5-880F-09E4592D13AA}
	EndGlobalSection
EndGlobal
